
Microsoft Visual Studio Solution File, Format Version 12.00
# Visual Studio 15
VisualStudioVersion = 15.0.28307.1231
MinimumVisualStudioVersion = 10.0.40219.1
Project("{8BC9CEB8-8B4A-11D0-8D11-00A0C91BC942}") = "PrimeraAplicacion", "PrimeraAplicacion\PrimeraAplicacion.vcxproj", "{D4C8EEB2-6E19-4227-A852-E8545F10843A}"
EndProject
Global
	GlobalSection(SolutionConfigurationPlatforms) = preSolution
		Debug|x64 = Debug|x64
		Debug|x86 = Debug|x86
		Release|x64 = Release|x64
		Release|x86 = Release|x86
	EndGlobalSection
	GlobalSection(ProjectConfigurationPlatforms) = postSolution
		{D4C8EEB2-6E19-4227-A852-E8545F10843A}.Debug|x64.ActiveCfg = Debug|x64
		{D4C8EEB2-6E19-4227-A852-E8545F10843A}.Debug|x64.Build.0 = Debug|x64
		{D4C8EEB2-6E19-4227-A852-E8545F10843A}.Debug|x86.ActiveCfg = Debug|Win32
		{D4C8EEB2-6E19-4227-A852-E8545F10843A}.Debug|x86.Build.0 = Debug|Win32
		{D4C8EEB2-6E19-4227-A852-E8545F10843A}.Release|x64.ActiveCfg = Release|x64
		{D4C8EEB2-6E19-4227-A852-E8545F10843A}.Release|x64.Build.0 = Release|x64
		{D4C8EEB2-6E19-4227-A852-E8545F10843A}.Release|x86.ActiveCfg = Release|Win32
		{D4C8EEB2-6E19-4227-A852-E8545F10843A}.Release|x86.Build.0 = Release|Win32
	EndGlobalSection
	GlobalSection(SolutionProperties) = preSolution
		HideSolutionNode = FALSE
	EndGlobalSection
	GlobalSection(ExtensibilityGlobals) = postSolution
		SolutionGuid = {B843EEB2-1ADB-49D8-9AD5-F15F031ADC16}
	EndGlobalSection
EndGlobal
